<?xml version="1.0" encoding="UTF-8" standalone="yes" ?>
<CodeBlocks_project_file>
	<FileVersion major="1" minor="6" />
	<Project>
		<Option title="OpMon" />
		<Option platforms="Windows;" />
		<Option pch_mode="2" />
		<Option default_target="Release" />
		<Option compiler="gcc" />
		<Build>
			<Target title="Debug">
				<Option platforms="Windows;" />
				<Option output="exe/OpMon-Debug" prefix_auto="1" extension_auto="1" />
				<Option working_dir="exe/" />
				<Option object_output="obj/Debug/" />
				<Option type="1" />
				<Option compiler="gcc" />
				<Compiler>
					<Add option="-m32" />
					<Add option="-g" />
					<Add directory="src/jlppc/regimys/save" />
					<Add directory="src/jlppc/regimys/gui" />
				</Compiler>
				<Linker>
					<Add option="-m32" />
					<Add library="sfml-graphics-d" />
					<Add library="sfml-network-d" />
					<Add library="sfml-audio-d" />
					<Add library="sfml-window-d" />
					<Add library="sfml-system-d" />
				</Linker>
			</Target>
			<Target title="Release">
				<Option platforms="Windows;" />
				<Option output="exe/OpMon" prefix_auto="1" extension_auto="1" />
				<Option working_dir="exe/" />
				<Option object_output="obj/Release/" />
				<Option type="0" />
				<Option compiler="gcc" />
				<Option host_application="exe/OpMon.exe" />
				<Option run_host_application_in_terminal="1" />
				<Compiler>
					<Add option="-fexpensive-optimizations" />
					<Add option="-O3" />
					<Add option="-m32" />
					<Add directory="src/jlppc/regimys/gui" />
					<Add directory="src/jlppc/regimys/save" />
				</Compiler>
				<Linker>
					<Add option="-s" />
					<Add option="-m32" />
					<Add library="sfml-graphics" />
					<Add library="sfml-network" />
					<Add library="sfml-audio" />
					<Add library="sfml-window" />
					<Add library="sfml-system" />
				</Linker>
			</Target>
			<Target title="x64">
				<Option platforms="Windows;" />
				<Option output="exe/OpMon-x64" prefix_auto="1" extension_auto="1" />
				<Option working_dir="exe/" />
				<Option object_output="obj/Releasex64/" />
				<Option type="0" />
				<Option compiler="gcc" />
				<Compiler>
					<Add option="-fexpensive-optimizations" />
					<Add option="-O3" />
					<Add option="-m64" />
					<Add directory="src/jlppc/regimys/gui" />
					<Add directory="src/jlppc/regimys/save" />
				</Compiler>
				<Linker>
					<Add option="-s" />
					<Add option="-m64" />
					<Add library="sfml-graphics" />
					<Add library="sfml-network" />
					<Add library="sfml-audio" />
					<Add library="sfml-window" />
					<Add library="sfml-system" />
				</Linker>
			</Target>
		</Build>
		<Compiler>
			<Add option="-w" />
			<Add option="-Wall" />
			<Add option="-std=c++14" />
			<Add option="-D_WIN32" />
			<Add directory="../../../SFML-2.4.2/include" />
		</Compiler>
		<Linker>
			<Add directory="../../../SFML-2.4.2/lib" />
		</Linker>
		<Unit filename="resources.rc">
			<Option compilerVar="WINDRES" />
		</Unit>

		<Unit filename="src/regimys/enums/Enums.cpp" />
		<Unit filename="src/regimys/enums/Enums.hpp" />
		<Unit filename="src/regimys/enums/Nature.cpp" />
		<Unit filename="src/regimys/enums/Nature.hpp" />
		<Unit filename="src/regimys/enums/enumsInclude.hxx" />
		<Unit filename="src/regimys/evolution/EItem.cpp" />
		<Unit filename="src/regimys/evolution/ELand.cpp" />
		<Unit filename="src/regimys/evolution/ELevel.cpp" />
		<Unit filename="src/regimys/evolution/ELove.cpp" />
		<Unit filename="src/regimys/evolution/ENope.cpp" />
		<Unit filename="src/regimys/evolution/ETrade.cpp" />
		<Unit filename="src/regimys/evolution/ETradeItem.cpp" />
		<Unit filename="src/regimys/evolution/Evolution.cpp" />
		<Unit filename="src/regimys/evolution/Evolution.hpp" />
		<Unit filename="src/regimys/evolution/evolutionInclude.hxx" />
		<Unit filename="src/regimys/evolution/evolutions.hpp" />
		<Unit filename="src/regimys/gui/Animations.cpp" />
		<Unit filename="src/regimys/gui/Animations.hpp" />
		<Unit filename="src/regimys/gui/Dialog.cpp" />
		<Unit filename="src/regimys/gui/Dialog.hpp" />
		<Unit filename="src/regimys/gui/Elements.cpp" />
		<Unit filename="src/regimys/gui/Elements.hpp" />
		<Unit filename="src/regimys/gui/Events.cpp" />
		<Unit filename="src/regimys/gui/Events.hpp" />
		<Unit filename="src/regimys/gui/MainFrame.cpp" />
		<Unit filename="src/regimys/gui/MainFrame.hpp" />
		<Unit filename="src/regimys/gui/MainMenu.cpp" />
		<Unit filename="src/regimys/gui/MainMenu.hpp" />
		<Unit filename="src/regimys/gui/OptionsMenu.cpp" />
		<Unit filename="src/regimys/gui/OptionsMenu.hpp" />
		<Unit filename="src/regimys/gui/Overworld.cpp" />
		<Unit filename="src/regimys/gui/Overworld.hpp" />
		<Unit filename="src/regimys/gui/StartScene.cpp" />
		<Unit filename="src/regimys/gui/StartScene.hpp" />
		<Unit filename="src/regimys/objects/Attack.cpp" />
		<Unit filename="src/regimys/objects/Attack.hpp" />
		<Unit filename="src/regimys/objects/Attacks.cpp" />
		<Unit filename="src/regimys/objects/Attacks.hpp" />
		<Unit filename="src/regimys/objects/OpMon.cpp" />
		<Unit filename="src/regimys/objects/OpMon.hpp" />
		<Unit filename="src/regimys/fight/Fight.cpp" />
		<Unit filename="src/regimys/fight/Fight.hpp" />
		<Unit filename="src/regimys/objects/Species.cpp" />
		<Unit filename="src/regimys/objects/Species.hpp" />
		<Unit filename="src/regimys/objects/item/CT.cpp" />
		<Unit filename="src/regimys/objects/item/CT.hpp" />
		<Unit filename="src/regimys/objects/item/IHeal.cpp" />
		<Unit filename="src/regimys/objects/item/IHeal.hpp" />
		<Unit filename="src/regimys/objects/item/IOpball.cpp" />
		<Unit filename="src/regimys/objects/item/IOpball.hpp" />
		<Unit filename="src/regimys/objects/item/Item.cpp" />
		<Unit filename="src/regimys/objects/item/Item.hpp" />
		<Unit filename="src/regimys/objects/item/itemInclude.hxx" />
		<Unit filename="src/regimys/objects/objectsInclude.hxx" />
		<Unit filename="src/regimys/opmonInclude.hxx" />
		<Unit filename="src/regimys/playercore/OpTeam.cpp" />
		<Unit filename="src/regimys/playercore/OpTeam.hpp" />
		<Unit filename="src/regimys/playercore/Player.cpp" />
		<Unit filename="src/regimys/playercore/Player.hpp" />
		<Unit filename="src/regimys/playercore/playercoreInclude.hxx" />
		<Unit filename="src/regimys/save/InternalFiles.cpp" />
		<Unit filename="src/regimys/save/InternalFiles.hpp" />
		<Unit filename="src/regimys/save/OptionsSave.cpp" />
		<Unit filename="src/regimys/save/OptionsSave.hpp" />
		<Unit filename="src/regimys/save/Save.cpp" />
		<Unit filename="src/regimys/save/Save.hpp" />
		<Unit filename="src/regimys/start/Initializer.cpp" />
		<Unit filename="src/regimys/start/Initializer.hpp" />
		<Unit filename="src/regimys/start/OpString.cpp" />
		<Unit filename="src/regimys/start/OpString.hpp" />
		<Unit filename="src/regimys/start/PersistentVars.cpp" />
		<Unit filename="src/regimys/start/PersistentVars.hpp" />
		<Unit filename="src/regimys/start/StringKeys.cpp" />
		<Unit filename="src/regimys/start/StringKeys.hpp" />
		<Unit filename="src/regimys/start/log.cpp" />
		<Unit filename="src/regimys/start/log.hpp" />
		<Unit filename="src/regimys/start/main.cpp" />
		<Unit filename="src/regimys/start/main.hpp" />
		<Unit filename="src/regimys/start/startInclude.hxx" />
		<Unit filename="src/utils/Class.cpp" />
		<Unit filename="src/utils/Class.hpp" />
		<Unit filename="src/utils/Comparaisons.cpp" />
		<Unit filename="src/utils/Comparaisons.hpp" />
		<Unit filename="src/utils/File.cpp" />
		<Unit filename="src/utils/File.hpp" />
		<Unit filename="src/utils/NumberedArray.cpp" />
		<Unit filename="src/utils/NumberedArray.hpp" />
		<Unit filename="src/utils/Utils.cpp" />
		<Unit filename="src/utils/Utils.hpp" />
		<Unit filename="src/utils/utilsInclude.hxx" />

		<Extensions>
			<code_completion />
			<envvars />
			<debugger />
			<lib_finder disable_auto="1" />
		</Extensions>
	</Project>
</CodeBlocks_project_file>
