<?xml version="1.0" encoding="UTF-8" standalone="yes" ?>
<CodeBlocks_project_file>
	<FileVersion major="1" minor="6" />
	<Project>
		<Option title="OpMon" />
		<Option pch_mode="2" />
		<Option compiler="gcc" />
		<Build>
			<Target title="Debug">
				<Option platforms="Unix;" />
				<Option output="exeLinux/OpMon-Debug" prefix_auto="1" extension_auto="1" />
				<Option working_dir="exeLinux/" />
				<Option object_output="obj/Debug/" />
				<Option type="1" />
				<Option compiler="gcc" />
				<Compiler>
					<Add option="-m64" />
					<Add option="-g" />
					<Add directory="src/jlppc/regimys/gui" />
					<Add directory="src/jlppc/regimys/save/" />
				</Compiler>
				<Linker>
					<Add option="-m64" />
					<Add library="sfml-graphics" />
					<Add library="sfml-network" />
					<Add library="sfml-audio" />
					<Add library="sfml-window" />
					<Add library="sfml-system" />
				</Linker>
			</Target>
			<Target title="Release">
				<Option platforms="Unix;" />
				<Option output="exeLinux/OpMon" prefix_auto="1" extension_auto="1" />
				<Option working_dir="exeLinux/" />
				<Option object_output="obj/Release/" />
				<Option type="0" />
				<Option compiler="gcc" />
				<Compiler>
					<Add option="-m64" />
					<Add directory="src/jlppc/regimys/gui" />
					<Add directory="src/jlppc/regimys/save/" />
				</Compiler>
				<Linker>
					<Add option="-m64" />
					<Add library="sfml-graphics" />
					<Add library="sfml-network" />
					<Add library="sfml-audio" />
					<Add library="sfml-window" />
					<Add library="sfml-system" />
				</Linker>
			</Target>
			<Target title="x86">
				<Option platforms="Unix;" />
				<Option output="exeLinux/OpMon" prefix_auto="1" extension_auto="1" />
				<Option working_dir="exeLinux/" />
				<Option object_output="obj/x86" />
				<Option type="0" />
				<Option compiler="gcc" />
				<Compiler>
					<Add option="-m32" />
					<Add directory="src/jlppc/regimys/gui" />
					<Add directory="src/jlppc/regimys/save/" />
				</Compiler>
				<Linker>
					<Add option="-m64" />
					<Add library="sfml-graphics" />
					<Add library="sfml-network" />
					<Add library="sfml-audio" />
					<Add library="sfml-window" />
					<Add library="sfml-system" />
				</Linker>
			</Target>
		</Build>
		<Compiler>
			<Add option="-fexpensive-optimizations" />
			<Add option="-O1" />
			<Add option="-w" />
			<Add option="-Wall" />
			<Add option="-m64" />
		</Compiler>
		<Linker>
			<Add option="-s" />
			<Add option="-m64" />
		</Linker>
		<Unit filename="src/jlppc/regimys/enums/Caractere.cpp" />
		<Unit filename="src/jlppc/regimys/enums/Caractere.hpp" />
		<Unit filename="src/jlppc/regimys/enums/Enums.cpp" />
		<Unit filename="src/jlppc/regimys/enums/Enums.hpp" />
		<Unit filename="src/jlppc/regimys/enums/enumsInclude.hxx" />
		<Unit filename="src/jlppc/regimys/evolution/EItem.cpp" />
		<Unit filename="src/jlppc/regimys/evolution/ELand.cpp" />
		<Unit filename="src/jlppc/regimys/evolution/ELevel.cpp" />
		<Unit filename="src/jlppc/regimys/evolution/ELove.cpp" />
		<Unit filename="src/jlppc/regimys/evolution/ENope.cpp" />
		<Unit filename="src/jlppc/regimys/evolution/ETrade.cpp" />
		<Unit filename="src/jlppc/regimys/evolution/ETradeItem.cpp" />
		<Unit filename="src/jlppc/regimys/evolution/Evolution.cpp" />
		<Unit filename="src/jlppc/regimys/evolution/Evolution.hpp" />
		<Unit filename="src/jlppc/regimys/evolution/evolutionInclude.hxx" />
		<Unit filename="src/jlppc/regimys/evolution/evolutions.hpp" />
		<Unit filename="src/jlppc/regimys/gui/Animations.cpp">
			<Option compile="0" />
			<Option link="0" />
		</Unit>
		<Unit filename="src/jlppc/regimys/gui/Animations.hpp" />
		<Unit filename="src/jlppc/regimys/gui/Elements.cpp">
			<Option compile="0" />
			<Option link="0" />
		</Unit>
		<Unit filename="src/jlppc/regimys/gui/Elements.hpp" />
		<Unit filename="src/jlppc/regimys/gui/Events.cpp">
			<Option compile="0" />
			<Option link="0" />
		</Unit>
		<Unit filename="src/jlppc/regimys/gui/Events.hpp" />
		<Unit filename="src/jlppc/regimys/gui/MainFrame.cpp">
			<Option compile="0" />
			<Option link="0" />
		</Unit>
		<Unit filename="src/jlppc/regimys/gui/MainFrame.hpp" />
		<Unit filename="src/jlppc/regimys/gui/MainMenu.cpp">
			<Option compile="0" />
			<Option link="0" />
		</Unit>
		<Unit filename="src/jlppc/regimys/gui/MainMenu.hpp" />
		<Unit filename="src/jlppc/regimys/gui/OptionsMenu.cpp">
			<Option compile="0" />
			<Option link="0" />
		</Unit>
		<Unit filename="src/jlppc/regimys/gui/OptionsMenu.hpp" />
		<Unit filename="src/jlppc/regimys/gui/Overworld.cpp">
			<Option compile="0" />
			<Option link="0" />
		</Unit>
		<Unit filename="src/jlppc/regimys/gui/Overworld.hpp" />
		<Unit filename="src/jlppc/regimys/gui/StartScene.cpp">
			<Option compile="0" />
			<Option link="0" />
		</Unit>
		<Unit filename="src/jlppc/regimys/gui/StartScene.hpp" />
		<Unit filename="src/jlppc/regimys/newGui/Animations.cpp" />
		<Unit filename="src/jlppc/regimys/newGui/Animations.hpp" />
		<Unit filename="src/jlppc/regimys/newGui/Elements.cpp" />
		<Unit filename="src/jlppc/regimys/newGui/Elements.hpp" />
		<Unit filename="src/jlppc/regimys/newGui/Events.cpp" />
		<Unit filename="src/jlppc/regimys/newGui/Events.hpp" />
		<Unit filename="src/jlppc/regimys/newGui/MainFrame.cpp" />
		<Unit filename="src/jlppc/regimys/newGui/MainFrame.hpp" />
		<Unit filename="src/jlppc/regimys/newGui/MainMenu.cpp" />
		<Unit filename="src/jlppc/regimys/newGui/MainMenu.hpp" />
		<Unit filename="src/jlppc/regimys/newGui/OptionsMenu.cpp" />
		<Unit filename="src/jlppc/regimys/newGui/OptionsMenu.hpp" />
		<Unit filename="src/jlppc/regimys/newGui/Overworld.cpp" />
		<Unit filename="src/jlppc/regimys/newGui/Overworld.hpp" />
		<Unit filename="src/jlppc/regimys/newGui/StartScene.cpp" />
		<Unit filename="src/jlppc/regimys/newGui/StartScene.hpp" />
		<Unit filename="src/jlppc/regimys/objects/Attaque.cpp" />
		<Unit filename="src/jlppc/regimys/objects/Attaque.hpp" />
		<Unit filename="src/jlppc/regimys/objects/Attaques.cpp" />
		<Unit filename="src/jlppc/regimys/objects/Attaques.hpp" />
		<Unit filename="src/jlppc/regimys/objects/Espece.cpp" />
		<Unit filename="src/jlppc/regimys/objects/Espece.hpp" />
		<Unit filename="src/jlppc/regimys/objects/OpMon.cpp" />
		<Unit filename="src/jlppc/regimys/objects/OpMon.hpp" />
		<Unit filename="src/jlppc/regimys/objects/item/CT.cpp" />
		<Unit filename="src/jlppc/regimys/objects/item/CT.hpp" />
		<Unit filename="src/jlppc/regimys/objects/item/IHeal.cpp" />
		<Unit filename="src/jlppc/regimys/objects/item/IHeal.hpp" />
		<Unit filename="src/jlppc/regimys/objects/item/IOpball.cpp" />
		<Unit filename="src/jlppc/regimys/objects/item/IOpball.hpp" />
		<Unit filename="src/jlppc/regimys/objects/item/Item.cpp" />
		<Unit filename="src/jlppc/regimys/objects/item/Item.hpp" />
		<Unit filename="src/jlppc/regimys/objects/item/itemInclude.hxx" />
		<Unit filename="src/jlppc/regimys/objects/objectsInclude.hxx" />
		<Unit filename="src/jlppc/regimys/opmonInclude.hxx" />
		<Unit filename="src/jlppc/regimys/playercore/Equipe.cpp" />
		<Unit filename="src/jlppc/regimys/playercore/Equipe.hpp" />
		<Unit filename="src/jlppc/regimys/playercore/Player.cpp" />
		<Unit filename="src/jlppc/regimys/playercore/Player.hpp" />
		<Unit filename="src/jlppc/regimys/playercore/playercoreInclude.hxx" />
		<Unit filename="src/jlppc/regimys/save/OptionsSave.cpp" />
		<Unit filename="src/jlppc/regimys/save/OptionsSave.hpp" />
		<Unit filename="src/jlppc/regimys/save/Save.cpp" />
		<Unit filename="src/jlppc/regimys/save/Save.hpp" />
		<Unit filename="src/jlppc/regimys/start/Initializer.cpp" />
		<Unit filename="src/jlppc/regimys/start/Initializer.hpp" />
		<Unit filename="src/jlppc/regimys/start/PersistentVars.cpp" />
		<Unit filename="src/jlppc/regimys/start/PersistentVars.hpp" />
		<Unit filename="src/jlppc/regimys/start/StringKeys.cpp" />
		<Unit filename="src/jlppc/regimys/start/StringKeys.hpp" />
		<Unit filename="src/jlppc/regimys/start/bigDefines.hxx" />
		<Unit filename="src/jlppc/regimys/start/main.cpp" />
		<Unit filename="src/jlppc/regimys/start/main.hpp" />
		<Unit filename="src/jlppc/regimys/start/startInclude.hxx" />
		<Unit filename="src/jlppc/utils/Class.cpp" />
		<Unit filename="src/jlppc/utils/Class.hpp" />
		<Unit filename="src/jlppc/utils/Comparaisons.cpp" />
		<Unit filename="src/jlppc/utils/Comparaisons.hpp" />
		<Unit filename="src/jlppc/utils/File.cpp" />
		<Unit filename="src/jlppc/utils/File.hpp" />
		<Unit filename="src/jlppc/utils/NumberedArray.cpp" />
		<Unit filename="src/jlppc/utils/NumberedArray.hpp" />
		<Unit filename="src/jlppc/utils/Utils.cpp" />
		<Unit filename="src/jlppc/utils/Utils.hpp" />
		<Unit filename="src/jlppc/utils/utilsInclude.hxx" />
		<Extensions>
			<code_completion />
			<envvars />
			<debugger />
			<lib_finder disable_auto="1" />
		</Extensions>
	</Project>
</CodeBlocks_project_file>
